
Microsoft Visual Studio Solution File, Format Version 12.00
# Visual Studio 15
VisualStudioVersion = 15.0.27004.2008
MinimumVisualStudioVersion = 10.0.40219.1
Project("{8BC9CEB8-8B4A-11D0-8D11-00A0C91BC942}") = "Mario", "Mario\Mario.vcxproj", "{7C9D4D07-B2E9-40D3-BFA1-A304F8268721}"
EndProject
Global
	GlobalSection(SolutionConfigurationPlatforms) = preSolution
		Debug|x64 = Debug|x64
		Debug|x86 = Debug|x86
		Release|x64 = Release|x64
		Release|x86 = Release|x86
	EndGlobalSection
	GlobalSection(ProjectConfigurationPlatforms) = postSolution
		{7C9D4D07-B2E9-40D3-BFA1-A304F8268721}.Debug|x64.ActiveCfg = Debug|x64
		{7C9D4D07-B2E9-40D3-BFA1-A304F8268721}.Debug|x64.Build.0 = Debug|x64
		{7C9D4D07-B2E9-40D3-BFA1-A304F8268721}.Debug|x86.ActiveCfg = Debug|Win32
		{7C9D4D07-B2E9-40D3-BFA1-A304F8268721}.Debug|x86.Build.0 = Debug|Win32
		{7C9D4D07-B2E9-40D3-BFA1-A304F8268721}.Release|x64.ActiveCfg = Release|x64
		{7C9D4D07-B2E9-40D3-BFA1-A304F8268721}.Release|x64.Build.0 = Release|x64
		{7C9D4D07-B2E9-40D3-BFA1-A304F8268721}.Release|x86.ActiveCfg = Release|Win32
		{7C9D4D07-B2E9-40D3-BFA1-A304F8268721}.Release|x86.Build.0 = Release|Win32
	EndGlobalSection
	GlobalSection(SolutionProperties) = preSolution
		HideSolutionNode = FALSE
	EndGlobalSection
	GlobalSection(ExtensibilityGlobals) = postSolution
		SolutionGuid = {C79E0815-2DE5-4111-9A79-29B048064421}
	EndGlobalSection
EndGlobal
